Microsoft Visual Studio Solution File, Format Version 9.00
# Visual Studio 2005
Project("{8BC9CEB8-8B4A-11D0-8D11-00A0C91BC942}") = "Sample_RIB", "Sample_RIB\Sample_RIB.vcproj", "{BA9BE53A-3499-47BC-9506-EDE453BCCECE}"
EndProject
Project("{8BC9CEB8-8B4A-11D0-8D11-00A0C91BC942}") = "Sample_Texture3D", "Sample_Texture3D\Sample_Texture3D.vcproj", "{2D7B1451-9B03-41EF-8827-1610E52A41D6}"
EndProject
Project("{8BC9CEB8-8B4A-11D0-8D11-00A0C91BC942}") = "AOLight", "AOLight\Sample_AOLight.vcproj", "{C0266224-4D91-4154-B329-52A29A47104E}"
EndProject
Project("{8BC9CEB8-8B4A-11D0-8D11-00A0C91BC942}") = "GlassShader", "GlassShader\GlassShader.vcproj", "{5B581F47-4483-48F8-8CA6-3B692564B3D8}"
EndProject
Project("{8BC9CEB8-8B4A-11D0-8D11-00A0C91BC942}") = "Sample_AmbientLight", "Sample_AmbientLight\Sample_AmbientLight.vcproj", "{9BB6B184-6B15-4239-9073-E534BB63DD6E}"
EndProject
Project("{8BC9CEB8-8B4A-11D0-8D11-00A0C91BC942}") = "Sample_Bumpmap", "Sample_Bumpmap\Sample_Bumpmap.vcproj", "{44EC0564-4BC3-4B64-823B-C227AB0F2818}"
EndProject
Project("{8BC9CEB8-8B4A-11D0-8D11-00A0C91BC942}") = "Sample_Catcher", "Sample_Catcher\Sample_Catcher.vcproj", "{C4F1EF01-635D-4063-81EE-2157E2574066}"
EndProject
Project("{8BC9CEB8-8B4A-11D0-8D11-00A0C91BC942}") = "Sample_Cube", "Sample_Cube\Sample_Cube.vcproj", "{E922A7C4-0ADD-4279-9E70-725324EBF45D}"
EndProject
Project("{8BC9CEB8-8B4A-11D0-8D11-00A0C91BC942}") = "EnvLight", "Sample_DirectionalLight\Sample_DirectionalLight.vcproj", "{D87933D5-43DE-4223-BA8D-C6676BFE059F}"
EndProject
Project("{8BC9CEB8-8B4A-11D0-8D11-00A0C91BC942}") = "Sample_Displace", "Sample_Displace\Sample_Displace.vcproj", "{0288257A-8CB2-41F4-831A-C62197A1C767}"
EndProject
Project("{8BC9CEB8-8B4A-11D0-8D11-00A0C91BC942}") = "Sample_Duplicate", "Sample_Duplicate\Sample_Duplicate.vcproj", "{50B09989-E47F-4483-A7AA-03BF4DAF1521}"
EndProject
Project("{8BC9CEB8-8B4A-11D0-8D11-00A0C91BC942}") = "Sample_Falloff", "Sample_Falloff\Sample_Falloff.vcproj", "{A67D9FB1-65CF-4691-B3F8-1B3F66DF3B49}"
EndProject
Project("{8BC9CEB8-8B4A-11D0-8D11-00A0C91BC942}") = "Sample_Fog", "Sample_Fog\Sample_Fog.vcproj", "{80F48DAB-3E73-40A7-9D2E-7184F5C69091}"
EndProject
Project("{8BC9CEB8-8B4A-11D0-8D11-00A0C91BC942}") = "RIB_LD", "Sample_ImagePlane\Sample_ImagePlane.vcproj", "{902BE5BC-6A2E-42B1-90FD-B820DE58E34D}"
EndProject
Project("{8BC9CEB8-8B4A-11D0-8D11-00A0C91BC942}") = "LightingModels-Shaders", "Sample_LightingModels\Sample_LightingModels.vcproj", "{5CBAFB8B-EC7C-4810-8357-E7BE15F19130}"
EndProject
Project("{8BC9CEB8-8B4A-11D0-8D11-00A0C91BC942}") = "Sample_Locator", "Sample_Locator\Sample_Locator.vcproj", "{3934792B-F8BF-429B-B59F-F277F5333642}"
EndProject
Project("{8BC9CEB8-8B4A-11D0-8D11-00A0C91BC942}") = "Sample_MtlMerge", "Sample_MtlMerge\Sample_MtlMerge.vcproj", "{865B4B7B-AA51-4DFA-8AEF-7AD42C3C153C}"
EndProject
Project("{8BC9CEB8-8B4A-11D0-8D11-00A0C91BC942}") = "Sample_Override", "Sample_Override\Sample_Override.vcproj", "{DFDD03EF-AD50-4C83-A5B9-F99F9F4B1D08}"
EndProject
Project("{8BC9CEB8-8B4A-11D0-8D11-00A0C91BC942}") = "Sample_PointLight", "Sample_PointLight\Sample_PointLight.vcproj", "{71FF4A27-4980-4326-AE26-20B3EE7F9575}"
EndProject
Project("{8BC9CEB8-8B4A-11D0-8D11-00A0C91BC942}") = "Sample_SimpleCube", "Sample_SimpleCube\Sample_SimpleCube.vcproj", "{8547D549-5212-4CC7-8B22-7CD7BD902304}"
EndProject
Project("{8BC9CEB8-8B4A-11D0-8D11-00A0C91BC942}") = "Sample_SphereMap", "Sample_SphereMap\Sample_SphereMap.vcproj", "{CB2A56FC-EFDA-41C5-A1E6-D66F727798EA}"
EndProject
Project("{8BC9CEB8-8B4A-11D0-8D11-00A0C91BC942}") = "Sample_Texture", "Sample_Texture\Sample_Texture.vcproj", "{0077281F-0D7C-4AE7-805C-0E0ED35CC937}"
EndProject
Project("{8BC9CEB8-8B4A-11D0-8D11-00A0C91BC942}") = "Sample_TextureTransform", "Sample_TextureTransform\Sample_TextureTransform.vcproj", "{E046C332-5105-4106-AE39-EEEF329D12B8}"
EndProject
Project("{8BC9CEB8-8B4A-11D0-8D11-00A0C91BC942}") = "Sample_DirectionalLight_2", "Kopie von Sample_DirectionalLight\Sample_DirectionalLight_2.vcproj", "{8F8FEEA8-50DB-4C50-B9C0-CB14580F30C3}"
EndProject
Project("{8BC9CEB8-8B4A-11D0-8D11-00A0C91BC942}") = "Sample_BrightnessRoI", "Sample_BrightnessRoI\Sample_BrightnessRoI.vcproj", "{7ACA4051-D151-42F4-86C7-7D3FD31D0920}"
EndProject
Project("{8BC9CEB8-8B4A-11D0-8D11-00A0C91BC942}") = "PhysicalSkyLight", "Sample_DirectionalLight_3\Sample_DirectionalLight_3.vcproj", "{8447C3B6-81BA-49D0-91D9-218FF32B3DBB}"
EndProject
Global
	GlobalSection(SolutionConfigurationPlatforms) = preSolution
		Debug|Win32 = Debug|Win32
		Debug|x64 = Debug|x64
		Release|Win32 = Release|Win32
		Release|x64 = Release|x64
	EndGlobalSection
	GlobalSection(ProjectConfigurationPlatforms) = postSolution
		{BA9BE53A-3499-47BC-9506-EDE453BCCECE}.Debug|Win32.ActiveCfg = Debug|Win32
		{BA9BE53A-3499-47BC-9506-EDE453BCCECE}.Debug|Win32.Build.0 = Debug|Win32
		{BA9BE53A-3499-47BC-9506-EDE453BCCECE}.Debug|x64.ActiveCfg = Debug|x64
		{BA9BE53A-3499-47BC-9506-EDE453BCCECE}.Debug|x64.Build.0 = Debug|x64
		{BA9BE53A-3499-47BC-9506-EDE453BCCECE}.Release|Win32.ActiveCfg = Release|Win32
		{BA9BE53A-3499-47BC-9506-EDE453BCCECE}.Release|Win32.Build.0 = Release|Win32
		{BA9BE53A-3499-47BC-9506-EDE453BCCECE}.Release|x64.ActiveCfg = Release|x64
		{BA9BE53A-3499-47BC-9506-EDE453BCCECE}.Release|x64.Build.0 = Release|x64
		{2D7B1451-9B03-41EF-8827-1610E52A41D6}.Debug|Win32.ActiveCfg = Debug|Win32
		{2D7B1451-9B03-41EF-8827-1610E52A41D6}.Debug|Win32.Build.0 = Debug|Win32
		{2D7B1451-9B03-41EF-8827-1610E52A41D6}.Debug|x64.ActiveCfg = Debug|x64
		{2D7B1451-9B03-41EF-8827-1610E52A41D6}.Debug|x64.Build.0 = Debug|x64
		{2D7B1451-9B03-41EF-8827-1610E52A41D6}.Release|Win32.ActiveCfg = Release|Win32
		{2D7B1451-9B03-41EF-8827-1610E52A41D6}.Release|Win32.Build.0 = Release|Win32
		{2D7B1451-9B03-41EF-8827-1610E52A41D6}.Release|x64.ActiveCfg = Release|x64
		{C0266224-4D91-4154-B329-52A29A47104E}.Debug|Win32.ActiveCfg = Debug|Win32
		{C0266224-4D91-4154-B329-52A29A47104E}.Debug|Win32.Build.0 = Debug|Win32
		{C0266224-4D91-4154-B329-52A29A47104E}.Debug|x64.ActiveCfg = Debug|x64
		{C0266224-4D91-4154-B329-52A29A47104E}.Debug|x64.Build.0 = Debug|x64
		{C0266224-4D91-4154-B329-52A29A47104E}.Release|Win32.ActiveCfg = Release|Win32
		{C0266224-4D91-4154-B329-52A29A47104E}.Release|Win32.Build.0 = Release|Win32
		{C0266224-4D91-4154-B329-52A29A47104E}.Release|x64.ActiveCfg = Release|x64
		{5B581F47-4483-48F8-8CA6-3B692564B3D8}.Debug|Win32.ActiveCfg = Debug|Win32
		{5B581F47-4483-48F8-8CA6-3B692564B3D8}.Debug|Win32.Build.0 = Debug|Win32
		{5B581F47-4483-48F8-8CA6-3B692564B3D8}.Debug|x64.ActiveCfg = Debug|x64
		{5B581F47-4483-48F8-8CA6-3B692564B3D8}.Debug|x64.Build.0 = Debug|x64
		{5B581F47-4483-48F8-8CA6-3B692564B3D8}.Release|Win32.ActiveCfg = Release|Win32
		{5B581F47-4483-48F8-8CA6-3B692564B3D8}.Release|Win32.Build.0 = Release|Win32
		{5B581F47-4483-48F8-8CA6-3B692564B3D8}.Release|x64.ActiveCfg = Release|x64
		{9BB6B184-6B15-4239-9073-E534BB63DD6E}.Debug|Win32.ActiveCfg = Debug|Win32
		{9BB6B184-6B15-4239-9073-E534BB63DD6E}.Debug|Win32.Build.0 = Debug|Win32
		{9BB6B184-6B15-4239-9073-E534BB63DD6E}.Debug|x64.ActiveCfg = Debug|x64
		{9BB6B184-6B15-4239-9073-E534BB63DD6E}.Debug|x64.Build.0 = Debug|x64
		{9BB6B184-6B15-4239-9073-E534BB63DD6E}.Release|Win32.ActiveCfg = Release|Win32
		{9BB6B184-6B15-4239-9073-E534BB63DD6E}.Release|Win32.Build.0 = Release|Win32
		{9BB6B184-6B15-4239-9073-E534BB63DD6E}.Release|x64.ActiveCfg = Release|x64
		{9BB6B184-6B15-4239-9073-E534BB63DD6E}.Release|x64.Build.0 = Release|x64
		{44EC0564-4BC3-4B64-823B-C227AB0F2818}.Debug|Win32.ActiveCfg = Debug|Win32
		{44EC0564-4BC3-4B64-823B-C227AB0F2818}.Debug|Win32.Build.0 = Debug|Win32
		{44EC0564-4BC3-4B64-823B-C227AB0F2818}.Debug|x64.ActiveCfg = Debug|x64
		{44EC0564-4BC3-4B64-823B-C227AB0F2818}.Debug|x64.Build.0 = Debug|x64
		{44EC0564-4BC3-4B64-823B-C227AB0F2818}.Release|Win32.ActiveCfg = Release|Win32
		{44EC0564-4BC3-4B64-823B-C227AB0F2818}.Release|Win32.Build.0 = Release|Win32
		{44EC0564-4BC3-4B64-823B-C227AB0F2818}.Release|x64.ActiveCfg = Release|x64
		{C4F1EF01-635D-4063-81EE-2157E2574066}.Debug|Win32.ActiveCfg = Debug|Win32
		{C4F1EF01-635D-4063-81EE-2157E2574066}.Debug|Win32.Build.0 = Debug|Win32
		{C4F1EF01-635D-4063-81EE-2157E2574066}.Debug|x64.ActiveCfg = Debug|x64
		{C4F1EF01-635D-4063-81EE-2157E2574066}.Debug|x64.Build.0 = Debug|x64
		{C4F1EF01-635D-4063-81EE-2157E2574066}.Release|Win32.ActiveCfg = Release|Win32
		{C4F1EF01-635D-4063-81EE-2157E2574066}.Release|Win32.Build.0 = Release|Win32
		{C4F1EF01-635D-4063-81EE-2157E2574066}.Release|x64.ActiveCfg = Release|x64
		{E922A7C4-0ADD-4279-9E70-725324EBF45D}.Debug|Win32.ActiveCfg = Debug|Win32
		{E922A7C4-0ADD-4279-9E70-725324EBF45D}.Debug|Win32.Build.0 = Debug|Win32
		{E922A7C4-0ADD-4279-9E70-725324EBF45D}.Debug|x64.ActiveCfg = Debug|x64
		{E922A7C4-0ADD-4279-9E70-725324EBF45D}.Debug|x64.Build.0 = Debug|x64
		{E922A7C4-0ADD-4279-9E70-725324EBF45D}.Release|Win32.ActiveCfg = Release|Win32
		{E922A7C4-0ADD-4279-9E70-725324EBF45D}.Release|Win32.Build.0 = Release|Win32
		{E922A7C4-0ADD-4279-9E70-725324EBF45D}.Release|x64.ActiveCfg = Release|x64
		{D87933D5-43DE-4223-BA8D-C6676BFE059F}.Debug|Win32.ActiveCfg = Debug|Win32
		{D87933D5-43DE-4223-BA8D-C6676BFE059F}.Debug|Win32.Build.0 = Debug|Win32
		{D87933D5-43DE-4223-BA8D-C6676BFE059F}.Debug|x64.ActiveCfg = Debug|x64
		{D87933D5-43DE-4223-BA8D-C6676BFE059F}.Debug|x64.Build.0 = Debug|x64
		{D87933D5-43DE-4223-BA8D-C6676BFE059F}.Release|Win32.ActiveCfg = Release|Win32
		{D87933D5-43DE-4223-BA8D-C6676BFE059F}.Release|Win32.Build.0 = Release|Win32
		{D87933D5-43DE-4223-BA8D-C6676BFE059F}.Release|x64.ActiveCfg = Release|x64
		{D87933D5-43DE-4223-BA8D-C6676BFE059F}.Release|x64.Build.0 = Release|x64
		{0288257A-8CB2-41F4-831A-C62197A1C767}.Debug|Win32.ActiveCfg = Debug|Win32
		{0288257A-8CB2-41F4-831A-C62197A1C767}.Debug|Win32.Build.0 = Debug|Win32
		{0288257A-8CB2-41F4-831A-C62197A1C767}.Debug|x64.ActiveCfg = Debug|x64
		{0288257A-8CB2-41F4-831A-C62197A1C767}.Debug|x64.Build.0 = Debug|x64
		{0288257A-8CB2-41F4-831A-C62197A1C767}.Release|Win32.ActiveCfg = Release|Win32
		{0288257A-8CB2-41F4-831A-C62197A1C767}.Release|Win32.Build.0 = Release|Win32
		{0288257A-8CB2-41F4-831A-C62197A1C767}.Release|x64.ActiveCfg = Release|x64
		{50B09989-E47F-4483-A7AA-03BF4DAF1521}.Debug|Win32.ActiveCfg = Debug|Win32
		{50B09989-E47F-4483-A7AA-03BF4DAF1521}.Debug|Win32.Build.0 = Debug|Win32
		{50B09989-E47F-4483-A7AA-03BF4DAF1521}.Debug|x64.ActiveCfg = Debug|x64
		{50B09989-E47F-4483-A7AA-03BF4DAF1521}.Debug|x64.Build.0 = Debug|x64
		{50B09989-E47F-4483-A7AA-03BF4DAF1521}.Release|Win32.ActiveCfg = Release|Win32
		{50B09989-E47F-4483-A7AA-03BF4DAF1521}.Release|Win32.Build.0 = Release|Win32
		{50B09989-E47F-4483-A7AA-03BF4DAF1521}.Release|x64.ActiveCfg = Release|x64
		{A67D9FB1-65CF-4691-B3F8-1B3F66DF3B49}.Debug|Win32.ActiveCfg = Debug|Win32
		{A67D9FB1-65CF-4691-B3F8-1B3F66DF3B49}.Debug|Win32.Build.0 = Debug|Win32
		{A67D9FB1-65CF-4691-B3F8-1B3F66DF3B49}.Debug|x64.ActiveCfg = Debug|x64
		{A67D9FB1-65CF-4691-B3F8-1B3F66DF3B49}.Debug|x64.Build.0 = Debug|x64
		{A67D9FB1-65CF-4691-B3F8-1B3F66DF3B49}.Release|Win32.ActiveCfg = Release|Win32
		{A67D9FB1-65CF-4691-B3F8-1B3F66DF3B49}.Release|Win32.Build.0 = Release|Win32
		{A67D9FB1-65CF-4691-B3F8-1B3F66DF3B49}.Release|x64.ActiveCfg = Release|x64
		{80F48DAB-3E73-40A7-9D2E-7184F5C69091}.Debug|Win32.ActiveCfg = Debug|Win32
		{80F48DAB-3E73-40A7-9D2E-7184F5C69091}.Debug|Win32.Build.0 = Debug|Win32
		{80F48DAB-3E73-40A7-9D2E-7184F5C69091}.Debug|x64.ActiveCfg = Debug|x64
		{80F48DAB-3E73-40A7-9D2E-7184F5C69091}.Debug|x64.Build.0 = Debug|x64
		{80F48DAB-3E73-40A7-9D2E-7184F5C69091}.Release|Win32.ActiveCfg = Release|Win32
		{80F48DAB-3E73-40A7-9D2E-7184F5C69091}.Release|Win32.Build.0 = Release|Win32
		{80F48DAB-3E73-40A7-9D2E-7184F5C69091}.Release|x64.ActiveCfg = Release|x64
		{902BE5BC-6A2E-42B1-90FD-B820DE58E34D}.Debug|Win32.ActiveCfg = Debug|Win32
		{902BE5BC-6A2E-42B1-90FD-B820DE58E34D}.Debug|Win32.Build.0 = Debug|Win32
		{902BE5BC-6A2E-42B1-90FD-B820DE58E34D}.Debug|x64.ActiveCfg = Debug|x64
		{902BE5BC-6A2E-42B1-90FD-B820DE58E34D}.Debug|x64.Build.0 = Debug|x64
		{902BE5BC-6A2E-42B1-90FD-B820DE58E34D}.Release|Win32.ActiveCfg = Release|Win32
		{902BE5BC-6A2E-42B1-90FD-B820DE58E34D}.Release|Win32.Build.0 = Release|Win32
		{902BE5BC-6A2E-42B1-90FD-B820DE58E34D}.Release|x64.ActiveCfg = Release|x64
		{902BE5BC-6A2E-42B1-90FD-B820DE58E34D}.Release|x64.Build.0 = Release|x64
		{5CBAFB8B-EC7C-4810-8357-E7BE15F19130}.Debug|Win32.ActiveCfg = Debug|Win32
		{5CBAFB8B-EC7C-4810-8357-E7BE15F19130}.Debug|Win32.Build.0 = Debug|Win32
		{5CBAFB8B-EC7C-4810-8357-E7BE15F19130}.Debug|x64.ActiveCfg = Debug|x64
		{5CBAFB8B-EC7C-4810-8357-E7BE15F19130}.Debug|x64.Build.0 = Debug|x64
		{5CBAFB8B-EC7C-4810-8357-E7BE15F19130}.Release|Win32.ActiveCfg = Release|Win32
		{5CBAFB8B-EC7C-4810-8357-E7BE15F19130}.Release|Win32.Build.0 = Release|Win32
		{5CBAFB8B-EC7C-4810-8357-E7BE15F19130}.Release|x64.ActiveCfg = Release|x64
		{5CBAFB8B-EC7C-4810-8357-E7BE15F19130}.Release|x64.Build.0 = Release|x64
		{3934792B-F8BF-429B-B59F-F277F5333642}.Debug|Win32.ActiveCfg = Debug|Win32
		{3934792B-F8BF-429B-B59F-F277F5333642}.Debug|Win32.Build.0 = Debug|Win32
		{3934792B-F8BF-429B-B59F-F277F5333642}.Debug|x64.ActiveCfg = Debug|x64
		{3934792B-F8BF-429B-B59F-F277F5333642}.Debug|x64.Build.0 = Debug|x64
		{3934792B-F8BF-429B-B59F-F277F5333642}.Release|Win32.ActiveCfg = Release|Win32
		{3934792B-F8BF-429B-B59F-F277F5333642}.Release|Win32.Build.0 = Release|Win32
		{3934792B-F8BF-429B-B59F-F277F5333642}.Release|x64.ActiveCfg = Release|x64
		{865B4B7B-AA51-4DFA-8AEF-7AD42C3C153C}.Debug|Win32.ActiveCfg = Debug|Win32
		{865B4B7B-AA51-4DFA-8AEF-7AD42C3C153C}.Debug|Win32.Build.0 = Debug|Win32
		{865B4B7B-AA51-4DFA-8AEF-7AD42C3C153C}.Debug|x64.ActiveCfg = Debug|x64
		{865B4B7B-AA51-4DFA-8AEF-7AD42C3C153C}.Debug|x64.Build.0 = Debug|x64
		{865B4B7B-AA51-4DFA-8AEF-7AD42C3C153C}.Release|Win32.ActiveCfg = Release|Win32
		{865B4B7B-AA51-4DFA-8AEF-7AD42C3C153C}.Release|Win32.Build.0 = Release|Win32
		{865B4B7B-AA51-4DFA-8AEF-7AD42C3C153C}.Release|x64.ActiveCfg = Release|x64
		{DFDD03EF-AD50-4C83-A5B9-F99F9F4B1D08}.Debug|Win32.ActiveCfg = Debug|Win32
		{DFDD03EF-AD50-4C83-A5B9-F99F9F4B1D08}.Debug|Win32.Build.0 = Debug|Win32
		{DFDD03EF-AD50-4C83-A5B9-F99F9F4B1D08}.Debug|x64.ActiveCfg = Debug|x64
		{DFDD03EF-AD50-4C83-A5B9-F99F9F4B1D08}.Debug|x64.Build.0 = Debug|x64
		{DFDD03EF-AD50-4C83-A5B9-F99F9F4B1D08}.Release|Win32.ActiveCfg = Release|Win32
		{DFDD03EF-AD50-4C83-A5B9-F99F9F4B1D08}.Release|Win32.Build.0 = Release|Win32
		{DFDD03EF-AD50-4C83-A5B9-F99F9F4B1D08}.Release|x64.ActiveCfg = Release|x64
		{71FF4A27-4980-4326-AE26-20B3EE7F9575}.Debug|Win32.ActiveCfg = Debug|Win32
		{71FF4A27-4980-4326-AE26-20B3EE7F9575}.Debug|Win32.Build.0 = Debug|Win32
		{71FF4A27-4980-4326-AE26-20B3EE7F9575}.Debug|x64.ActiveCfg = Debug|x64
		{71FF4A27-4980-4326-AE26-20B3EE7F9575}.Debug|x64.Build.0 = Debug|x64
		{71FF4A27-4980-4326-AE26-20B3EE7F9575}.Release|Win32.ActiveCfg = Release|Win32
		{71FF4A27-4980-4326-AE26-20B3EE7F9575}.Release|Win32.Build.0 = Release|Win32
		{71FF4A27-4980-4326-AE26-20B3EE7F9575}.Release|x64.ActiveCfg = Release|x64
		{71FF4A27-4980-4326-AE26-20B3EE7F9575}.Release|x64.Build.0 = Release|x64
		{8547D549-5212-4CC7-8B22-7CD7BD902304}.Debug|Win32.ActiveCfg = Debug|Win32
		{8547D549-5212-4CC7-8B22-7CD7BD902304}.Debug|Win32.Build.0 = Debug|Win32
		{8547D549-5212-4CC7-8B22-7CD7BD902304}.Debug|x64.ActiveCfg = Debug|x64
		{8547D549-5212-4CC7-8B22-7CD7BD902304}.Debug|x64.Build.0 = Debug|x64
		{8547D549-5212-4CC7-8B22-7CD7BD902304}.Release|Win32.ActiveCfg = Release|Win32
		{8547D549-5212-4CC7-8B22-7CD7BD902304}.Release|Win32.Build.0 = Release|Win32
		{8547D549-5212-4CC7-8B22-7CD7BD902304}.Release|x64.ActiveCfg = Release|x64
		{CB2A56FC-EFDA-41C5-A1E6-D66F727798EA}.Debug|Win32.ActiveCfg = Debug|Win32
		{CB2A56FC-EFDA-41C5-A1E6-D66F727798EA}.Debug|Win32.Build.0 = Debug|Win32
		{CB2A56FC-EFDA-41C5-A1E6-D66F727798EA}.Debug|x64.ActiveCfg = Debug|x64
		{CB2A56FC-EFDA-41C5-A1E6-D66F727798EA}.Debug|x64.Build.0 = Debug|x64
		{CB2A56FC-EFDA-41C5-A1E6-D66F727798EA}.Release|Win32.ActiveCfg = Release|Win32
		{CB2A56FC-EFDA-41C5-A1E6-D66F727798EA}.Release|Win32.Build.0 = Release|Win32
		{CB2A56FC-EFDA-41C5-A1E6-D66F727798EA}.Release|x64.ActiveCfg = Release|x64
		{0077281F-0D7C-4AE7-805C-0E0ED35CC937}.Debug|Win32.ActiveCfg = Debug|Win32
		{0077281F-0D7C-4AE7-805C-0E0ED35CC937}.Debug|Win32.Build.0 = Debug|Win32
		{0077281F-0D7C-4AE7-805C-0E0ED35CC937}.Debug|x64.ActiveCfg = Debug|x64
		{0077281F-0D7C-4AE7-805C-0E0ED35CC937}.Debug|x64.Build.0 = Debug|x64
		{0077281F-0D7C-4AE7-805C-0E0ED35CC937}.Release|Win32.ActiveCfg = Release|Win32
		{0077281F-0D7C-4AE7-805C-0E0ED35CC937}.Release|Win32.Build.0 = Release|Win32
		{0077281F-0D7C-4AE7-805C-0E0ED35CC937}.Release|x64.ActiveCfg = Release|x64
		{E046C332-5105-4106-AE39-EEEF329D12B8}.Debug|Win32.ActiveCfg = Debug|Win32
		{E046C332-5105-4106-AE39-EEEF329D12B8}.Debug|Win32.Build.0 = Debug|Win32
		{E046C332-5105-4106-AE39-EEEF329D12B8}.Debug|x64.ActiveCfg = Debug|x64
		{E046C332-5105-4106-AE39-EEEF329D12B8}.Debug|x64.Build.0 = Debug|x64
		{E046C332-5105-4106-AE39-EEEF329D12B8}.Release|Win32.ActiveCfg = Release|Win32
		{E046C332-5105-4106-AE39-EEEF329D12B8}.Release|Win32.Build.0 = Release|Win32
		{E046C332-5105-4106-AE39-EEEF329D12B8}.Release|x64.ActiveCfg = Release|x64
		{8F8FEEA8-50DB-4C50-B9C0-CB14580F30C3}.Debug|Win32.ActiveCfg = Debug|Win32
		{8F8FEEA8-50DB-4C50-B9C0-CB14580F30C3}.Debug|Win32.Build.0 = Debug|Win32
		{8F8FEEA8-50DB-4C50-B9C0-CB14580F30C3}.Debug|x64.ActiveCfg = Debug|x64
		{8F8FEEA8-50DB-4C50-B9C0-CB14580F30C3}.Debug|x64.Build.0 = Debug|x64
		{8F8FEEA8-50DB-4C50-B9C0-CB14580F30C3}.Release|Win32.ActiveCfg = Release|Win32
		{8F8FEEA8-50DB-4C50-B9C0-CB14580F30C3}.Release|Win32.Build.0 = Release|Win32
		{8F8FEEA8-50DB-4C50-B9C0-CB14580F30C3}.Release|x64.ActiveCfg = Release|x64
		{8F8FEEA8-50DB-4C50-B9C0-CB14580F30C3}.Release|x64.Build.0 = Release|x64
		{7ACA4051-D151-42F4-86C7-7D3FD31D0920}.Debug|Win32.ActiveCfg = Debug|Win32
		{7ACA4051-D151-42F4-86C7-7D3FD31D0920}.Debug|Win32.Build.0 = Debug|Win32
		{7ACA4051-D151-42F4-86C7-7D3FD31D0920}.Debug|x64.ActiveCfg = Debug|x64
		{7ACA4051-D151-42F4-86C7-7D3FD31D0920}.Debug|x64.Build.0 = Debug|x64
		{7ACA4051-D151-42F4-86C7-7D3FD31D0920}.Release|Win32.ActiveCfg = Release|Win32
		{7ACA4051-D151-42F4-86C7-7D3FD31D0920}.Release|Win32.Build.0 = Release|Win32
		{7ACA4051-D151-42F4-86C7-7D3FD31D0920}.Release|x64.ActiveCfg = Release|x64
		{8447C3B6-81BA-49D0-91D9-218FF32B3DBB}.Debug|Win32.ActiveCfg = Debug|Win32
		{8447C3B6-81BA-49D0-91D9-218FF32B3DBB}.Debug|Win32.Build.0 = Debug|Win32
		{8447C3B6-81BA-49D0-91D9-218FF32B3DBB}.Debug|x64.ActiveCfg = Debug|Win32
		{8447C3B6-81BA-49D0-91D9-218FF32B3DBB}.Release|Win32.ActiveCfg = Release|Win32
		{8447C3B6-81BA-49D0-91D9-218FF32B3DBB}.Release|Win32.Build.0 = Release|Win32
		{8447C3B6-81BA-49D0-91D9-218FF32B3DBB}.Release|x64.ActiveCfg = Release|Win32
	EndGlobalSection
	GlobalSection(SolutionProperties) = preSolution
		HideSolutionNode = FALSE
	EndGlobalSection
EndGlobal
