Microsoft Visual Studio Solution File, Format Version 9.00
# Visual Studio 2005
Project("{8BC9CEB8-8B4A-11D0-8D11-00A0C91BC942}") = "Sample_Brightness", "Sample_Brightness\Sample_Brightness_vc8.vcproj", "{2E1340F1-0343-4321-A78F-B650372AF775}"
EndProject
Project("{8BC9CEB8-8B4A-11D0-8D11-00A0C91BC942}") = "Sample_BrightnessMT", "Sample_BrightnessMT\Sample_BrightnessMT_vc8.vcproj", "{91E9FAFE-8E3F-4EC2-A498-7746F0D79E7B}"
EndProject
Project("{8BC9CEB8-8B4A-11D0-8D11-00A0C91BC942}") = "Sample_Mix", "Sample_Mix\Sample_Mix_vc8.vcproj", "{99D2ED8A-8C4B-478B-B609-5301F8CC19E9}"
EndProject
Project("{8BC9CEB8-8B4A-11D0-8D11-00A0C91BC942}") = "Sample_Source", "Sample_Source\Sample_Source_vc8.vcproj", "{7CF19152-3C11-487A-8FFA-68D671648C12}"
EndProject
Project("{8BC9CEB8-8B4A-11D0-8D11-00A0C91BC942}") = "Sample_TextWrite", "Sample_TextWrite\Sample_TextWrite_vc8.vcproj", "{3418E66F-290D-44A6-BC00-0C2B2B68DA7B}"
EndProject
Project("{8BC9CEB8-8B4A-11D0-8D11-00A0C91BC942}") = "Sample_ButtonControl", "Sample_ButtonControl\Sample_ButtonControl_vc8.vcproj", "{506F85BA-4858-4C4F-8B8B-DD9B8AD6022F}"
EndProject
Project("{8BC9CEB8-8B4A-11D0-8D11-00A0C91BC942}") = "Sample_BMPFormat", "Sample_BMPFormat\Sample_BMPFormat_vc8.vcproj", "{A1A2C711-C460-4089-8F6C-6F788698E7EF}"
EndProject
Project("{8BC9CEB8-8B4A-11D0-8D11-00A0C91BC942}") = "Sample_CircleControl", "Sample_CircleControl\Sample_CircleControl_vc8.vcproj", "{3D0DE374-50B3-41CD-9661-E695CD62AAAE}"
EndProject
Project("{8BC9CEB8-8B4A-11D0-8D11-00A0C91BC942}") = "Sample_ViewLUT", "Sample_ViewLUT\Sample_ViewLUT_vc8.vcproj", "{EE6ABA7B-1E2A-4A97-AAF0-B9F60333E2FA}"
EndProject
Project("{8BC9CEB8-8B4A-11D0-8D11-00A0C91BC942}") = "Sample_Preview", "Sample_Preview\Sample_Preview_vc8.vcproj", "{B7050B59-AB5E-440B-B854-D5A2BAD2EFC5}"
EndProject
Project("{8BC9CEB8-8B4A-11D0-8D11-00A0C91BC942}") = "Sample_PrefsPage", "Sample_PrefsPage\Sample_PrefsPage_vc8.vcproj", "{C1BC0848-A4C5-4B08-9F15-3E0DCDB7C8E9}"
EndProject
Project("{8BC9CEB8-8B4A-11D0-8D11-00A0C91BC942}") = "Sample_Resize", "Sample_Resize\Sample_Resize_vc8.vcproj", "{E02B1CE2-D351-47B1-B266-0A3B4DEED6BB}"
EndProject
Project("{8BC9CEB8-8B4A-11D0-8D11-00A0C91BC942}") = "Sample_AmbientLight", "Sample_AmbientLight\Sample_AmbientLight_vc8.vcproj", "{9BB6B184-6B15-4239-9073-E534BB63DD6E}"
EndProject
Project("{8BC9CEB8-8B4A-11D0-8D11-00A0C91BC942}") = "Sample_Bumpmap", "Sample_Bumpmap\Sample_Bumpmap_vc8.vcproj", "{44EC0564-4BC3-4B64-823B-C227AB0F2818}"
EndProject
Project("{8BC9CEB8-8B4A-11D0-8D11-00A0C91BC942}") = "Sample_Catcher", "Sample_Catcher\Sample_Catcher_vc8.vcproj", "{C4F1EF01-635D-4063-81EE-2157E2574066}"
EndProject
Project("{8BC9CEB8-8B4A-11D0-8D11-00A0C91BC942}") = "Sample_Cube", "Sample_Cube\Sample_Cube_vc8.vcproj", "{E922A7C4-0ADD-4279-9E70-725324EBF45D}"
EndProject
Project("{8BC9CEB8-8B4A-11D0-8D11-00A0C91BC942}") = "Sample_DirectionalLight", "Sample_DirectionalLight\Sample_DirectionalLight_vc8.vcproj", "{D87933D5-43DE-4223-BA8D-C6676BFE059F}"
EndProject
Project("{8BC9CEB8-8B4A-11D0-8D11-00A0C91BC942}") = "Sample_Displace", "Sample_Displace\Sample_Displace_vc8.vcproj", "{0288257A-8CB2-41F4-831A-C62197A1C767}"
EndProject
Project("{8BC9CEB8-8B4A-11D0-8D11-00A0C91BC942}") = "Sample_Duplicate", "Sample_Duplicate\Sample_Duplicate_vc8.vcproj", "{50B09989-E47F-4483-A7AA-03BF4DAF1521}"
EndProject
Project("{8BC9CEB8-8B4A-11D0-8D11-00A0C91BC942}") = "Sample_Falloff", "Sample_Falloff\Sample_Falloff_vc8.vcproj", "{A67D9FB1-65CF-4691-B3F8-1B3F66DF3B49}"
EndProject
Project("{8BC9CEB8-8B4A-11D0-8D11-00A0C91BC942}") = "Sample_Fog", "Sample_Fog\Sample_Fog_vc8.vcproj", "{80F48DAB-3E73-40A7-9D2E-7184F5C69091}"
EndProject
Project("{8BC9CEB8-8B4A-11D0-8D11-00A0C91BC942}") = "Sample_Gradient", "Sample_Gradient\Sample_Gradient_vc8.vcproj", "{C88218E4-ACB6-45AA-BB8A-6B6BF410A0C3}"
EndProject
Project("{8BC9CEB8-8B4A-11D0-8D11-00A0C91BC942}") = "Sample_ImagePlane", "Sample_ImagePlane\Sample_ImagePlane_vc8.vcproj", "{902BE5BC-6A2E-42B1-90FD-B820DE58E34D}"
EndProject
Project("{8BC9CEB8-8B4A-11D0-8D11-00A0C91BC942}") = "Sample_LightingModels", "Sample_LightingModels\Sample_LightingModels_vc8.vcproj", "{5CBAFB8B-EC7C-4810-8357-E7BE15F19130}"
EndProject
Project("{8BC9CEB8-8B4A-11D0-8D11-00A0C91BC942}") = "Sample_Locator", "Sample_Locator\Sample_Locator_vc8.vcproj", "{3934792B-F8BF-429B-B59F-F277F5333642}"
EndProject
Project("{8BC9CEB8-8B4A-11D0-8D11-00A0C91BC942}") = "Sample_Merge", "Sample_Merge\Sample_Merge_vc8.vcproj", "{325E9360-EBDC-4FB7-B14F-7EBDBB2E6BF9}"
EndProject
Project("{8BC9CEB8-8B4A-11D0-8D11-00A0C91BC942}") = "Sample_MtlMerge", "Sample_MtlMerge\Sample_MtlMerge_vc8.vcproj", "{865B4B7B-AA51-4DFA-8AEF-7AD42C3C153C}"
EndProject
Project("{8BC9CEB8-8B4A-11D0-8D11-00A0C91BC942}") = "Sample_Override", "Sample_Override\Sample_Override_vc8.vcproj", "{DFDD03EF-AD50-4C83-A5B9-F99F9F4B1D08}"
EndProject
Project("{8BC9CEB8-8B4A-11D0-8D11-00A0C91BC942}") = "Sample_PointLight", "Sample_PointLight\Sample_PointLight_vc8.vcproj", "{71FF4A27-4980-4326-AE26-20B3EE7F9575}"
EndProject
Project("{8BC9CEB8-8B4A-11D0-8D11-00A0C91BC942}") = "Sample_SphereMap", "Sample_SphereMap\Sample_SphereMap_vc8.vcproj", "{CB2A56FC-EFDA-41C5-A1E6-D66F727798EA}"
EndProject
Project("{8BC9CEB8-8B4A-11D0-8D11-00A0C91BC942}") = "Sample_StereoMix", "Sample_StereoMix\Sample_StereoMix_vc8.vcproj", "{BCFFD4CC-7D9A-4607-A4FC-E96BABB9C9AA}"
EndProject
Project("{8BC9CEB8-8B4A-11D0-8D11-00A0C91BC942}") = "Sample_Texture", "Sample_Texture\Sample_Texture_vc8.vcproj", "{0077281F-0D7C-4AE7-805C-0E0ED35CC937}"
EndProject
Project("{8BC9CEB8-8B4A-11D0-8D11-00A0C91BC942}") = "Sample_TextureTransform", "Sample_TextureTransform\Sample_TextureTransform_vc8.vcproj", "{E046C332-5105-4106-AE39-EEEF329D12B8}"
EndProject
Project("{8BC9CEB8-8B4A-11D0-8D11-00A0C91BC942}") = "Sample_Transform", "Sample_Transform\Sample_Transform_vc8.vcproj", "{663A3CBA-737B-4A65-8F78-02A27DCE4CFD}"
EndProject
Project("{8BC9CEB8-8B4A-11D0-8D11-00A0C91BC942}") = "Sample_SimpleCube", "Sample_SimpleCube\Sample_SimpleCube_vc8.vcproj", "{8547D549-5212-4CC7-8B22-7CD7BD902304}"
EndProject
Project("{8BC9CEB8-8B4A-11D0-8D11-00A0C91BC942}") = "Sample_Texture3D", "Sample_Texture3D\Sample_Texture3D_vc8.vcproj", "{2D7B1451-9B03-41EF-8827-1610E52A41D6}"
EndProject
Project("{8BC9CEB8-8B4A-11D0-8D11-00A0C91BC942}") = "Sample_RIB", "Sample_RIB\Sample_RIB_vc8.vcproj", "{BA9BE53A-3499-47BC-9506-EDE453BCCECE}"
EndProject
Project("{8BC9CEB8-8B4A-11D0-8D11-00A0C91BC942}") = "Sample_BrightnessRoI", "Sample_BrightnessRoI\Sample_BrightnessRoI_vc8.vcproj", "{7ACA4051-D151-42F4-86C7-7D3FD31D0920}"
EndProject
Project("{2150E333-8FDC-42A3-9474-1A3956D46DE8}") = "3D", "3D", "{BFB1B086-8416-4E41-A783-FAE17867F7B7}"
EndProject
Global
	GlobalSection(SolutionConfigurationPlatforms) = preSolution
		Debug|Mixed Platforms = Debug|Mixed Platforms
		Debug|Win32 = Debug|Win32
		Debug|x64 = Debug|x64
		Release|Mixed Platforms = Release|Mixed Platforms
		Release|Win32 = Release|Win32
		Release|x64 = Release|x64
	EndGlobalSection
	GlobalSection(ProjectConfigurationPlatforms) = postSolution
		{2E1340F1-0343-4321-A78F-B650372AF775}.Debug|Mixed Platforms.ActiveCfg = Debug|x64
		{2E1340F1-0343-4321-A78F-B650372AF775}.Debug|Mixed Platforms.Build.0 = Debug|x64
		{2E1340F1-0343-4321-A78F-B650372AF775}.Debug|Win32.ActiveCfg = Debug|x64
		{2E1340F1-0343-4321-A78F-B650372AF775}.Debug|x64.ActiveCfg = Debug|x64
		{2E1340F1-0343-4321-A78F-B650372AF775}.Debug|x64.Build.0 = Debug|x64
		{2E1340F1-0343-4321-A78F-B650372AF775}.Release|Mixed Platforms.ActiveCfg = Release|x64
		{2E1340F1-0343-4321-A78F-B650372AF775}.Release|Mixed Platforms.Build.0 = Release|x64
		{2E1340F1-0343-4321-A78F-B650372AF775}.Release|Win32.ActiveCfg = Release|x64
		{2E1340F1-0343-4321-A78F-B650372AF775}.Release|x64.ActiveCfg = Release|x64
		{2E1340F1-0343-4321-A78F-B650372AF775}.Release|x64.Build.0 = Release|x64
		{91E9FAFE-8E3F-4EC2-A498-7746F0D79E7B}.Debug|Mixed Platforms.ActiveCfg = Debug|x64
		{91E9FAFE-8E3F-4EC2-A498-7746F0D79E7B}.Debug|Mixed Platforms.Build.0 = Debug|x64
		{91E9FAFE-8E3F-4EC2-A498-7746F0D79E7B}.Debug|Win32.ActiveCfg = Debug|x64
		{91E9FAFE-8E3F-4EC2-A498-7746F0D79E7B}.Debug|x64.ActiveCfg = Debug|x64
		{91E9FAFE-8E3F-4EC2-A498-7746F0D79E7B}.Debug|x64.Build.0 = Debug|x64
		{91E9FAFE-8E3F-4EC2-A498-7746F0D79E7B}.Release|Mixed Platforms.ActiveCfg = Release|x64
		{91E9FAFE-8E3F-4EC2-A498-7746F0D79E7B}.Release|Mixed Platforms.Build.0 = Release|x64
		{91E9FAFE-8E3F-4EC2-A498-7746F0D79E7B}.Release|Win32.ActiveCfg = Release|x64
		{91E9FAFE-8E3F-4EC2-A498-7746F0D79E7B}.Release|x64.ActiveCfg = Release|x64
		{91E9FAFE-8E3F-4EC2-A498-7746F0D79E7B}.Release|x64.Build.0 = Release|x64
		{99D2ED8A-8C4B-478B-B609-5301F8CC19E9}.Debug|Mixed Platforms.ActiveCfg = Debug|x64
		{99D2ED8A-8C4B-478B-B609-5301F8CC19E9}.Debug|Mixed Platforms.Build.0 = Debug|x64
		{99D2ED8A-8C4B-478B-B609-5301F8CC19E9}.Debug|Win32.ActiveCfg = Debug|x64
		{99D2ED8A-8C4B-478B-B609-5301F8CC19E9}.Debug|x64.ActiveCfg = Debug|x64
		{99D2ED8A-8C4B-478B-B609-5301F8CC19E9}.Debug|x64.Build.0 = Debug|x64
		{99D2ED8A-8C4B-478B-B609-5301F8CC19E9}.Release|Mixed Platforms.ActiveCfg = Release|x64
		{99D2ED8A-8C4B-478B-B609-5301F8CC19E9}.Release|Mixed Platforms.Build.0 = Release|x64
		{99D2ED8A-8C4B-478B-B609-5301F8CC19E9}.Release|Win32.ActiveCfg = Release|x64
		{99D2ED8A-8C4B-478B-B609-5301F8CC19E9}.Release|x64.ActiveCfg = Release|x64
		{99D2ED8A-8C4B-478B-B609-5301F8CC19E9}.Release|x64.Build.0 = Release|x64
		{7CF19152-3C11-487A-8FFA-68D671648C12}.Debug|Mixed Platforms.ActiveCfg = Debug|x64
		{7CF19152-3C11-487A-8FFA-68D671648C12}.Debug|Mixed Platforms.Build.0 = Debug|x64
		{7CF19152-3C11-487A-8FFA-68D671648C12}.Debug|Win32.ActiveCfg = Debug|x64
		{7CF19152-3C11-487A-8FFA-68D671648C12}.Debug|x64.ActiveCfg = Debug|x64
		{7CF19152-3C11-487A-8FFA-68D671648C12}.Debug|x64.Build.0 = Debug|x64
		{7CF19152-3C11-487A-8FFA-68D671648C12}.Release|Mixed Platforms.ActiveCfg = Release|x64
		{7CF19152-3C11-487A-8FFA-68D671648C12}.Release|Mixed Platforms.Build.0 = Release|x64
		{7CF19152-3C11-487A-8FFA-68D671648C12}.Release|Win32.ActiveCfg = Release|x64
		{7CF19152-3C11-487A-8FFA-68D671648C12}.Release|x64.ActiveCfg = Release|x64
		{7CF19152-3C11-487A-8FFA-68D671648C12}.Release|x64.Build.0 = Release|x64
		{3418E66F-290D-44A6-BC00-0C2B2B68DA7B}.Debug|Mixed Platforms.ActiveCfg = Debug|x64
		{3418E66F-290D-44A6-BC00-0C2B2B68DA7B}.Debug|Mixed Platforms.Build.0 = Debug|x64
		{3418E66F-290D-44A6-BC00-0C2B2B68DA7B}.Debug|Win32.ActiveCfg = Debug|x64
		{3418E66F-290D-44A6-BC00-0C2B2B68DA7B}.Debug|x64.ActiveCfg = Debug|x64
		{3418E66F-290D-44A6-BC00-0C2B2B68DA7B}.Debug|x64.Build.0 = Debug|x64
		{3418E66F-290D-44A6-BC00-0C2B2B68DA7B}.Release|Mixed Platforms.ActiveCfg = Release|x64
		{3418E66F-290D-44A6-BC00-0C2B2B68DA7B}.Release|Mixed Platforms.Build.0 = Release|x64
		{3418E66F-290D-44A6-BC00-0C2B2B68DA7B}.Release|Win32.ActiveCfg = Release|x64
		{3418E66F-290D-44A6-BC00-0C2B2B68DA7B}.Release|x64.ActiveCfg = Release|x64
		{3418E66F-290D-44A6-BC00-0C2B2B68DA7B}.Release|x64.Build.0 = Release|x64
		{506F85BA-4858-4C4F-8B8B-DD9B8AD6022F}.Debug|Mixed Platforms.ActiveCfg = Debug|x64
		{506F85BA-4858-4C4F-8B8B-DD9B8AD6022F}.Debug|Mixed Platforms.Build.0 = Debug|x64
		{506F85BA-4858-4C4F-8B8B-DD9B8AD6022F}.Debug|Win32.ActiveCfg = Debug|x64
		{506F85BA-4858-4C4F-8B8B-DD9B8AD6022F}.Debug|x64.ActiveCfg = Debug|x64
		{506F85BA-4858-4C4F-8B8B-DD9B8AD6022F}.Debug|x64.Build.0 = Debug|x64
		{506F85BA-4858-4C4F-8B8B-DD9B8AD6022F}.Release|Mixed Platforms.ActiveCfg = Release|x64
		{506F85BA-4858-4C4F-8B8B-DD9B8AD6022F}.Release|Mixed Platforms.Build.0 = Release|x64
		{506F85BA-4858-4C4F-8B8B-DD9B8AD6022F}.Release|Win32.ActiveCfg = Release|x64
		{506F85BA-4858-4C4F-8B8B-DD9B8AD6022F}.Release|x64.ActiveCfg = Release|x64
		{506F85BA-4858-4C4F-8B8B-DD9B8AD6022F}.Release|x64.Build.0 = Release|x64
		{A1A2C711-C460-4089-8F6C-6F788698E7EF}.Debug|Mixed Platforms.ActiveCfg = Debug|x64
		{A1A2C711-C460-4089-8F6C-6F788698E7EF}.Debug|Mixed Platforms.Build.0 = Debug|x64
		{A1A2C711-C460-4089-8F6C-6F788698E7EF}.Debug|Win32.ActiveCfg = Debug|x64
		{A1A2C711-C460-4089-8F6C-6F788698E7EF}.Debug|x64.ActiveCfg = Debug|x64
		{A1A2C711-C460-4089-8F6C-6F788698E7EF}.Debug|x64.Build.0 = Debug|x64
		{A1A2C711-C460-4089-8F6C-6F788698E7EF}.Release|Mixed Platforms.ActiveCfg = Release|x64
		{A1A2C711-C460-4089-8F6C-6F788698E7EF}.Release|Mixed Platforms.Build.0 = Release|x64
		{A1A2C711-C460-4089-8F6C-6F788698E7EF}.Release|Win32.ActiveCfg = Release|x64
		{A1A2C711-C460-4089-8F6C-6F788698E7EF}.Release|x64.ActiveCfg = Release|x64
		{A1A2C711-C460-4089-8F6C-6F788698E7EF}.Release|x64.Build.0 = Release|x64
		{3D0DE374-50B3-41CD-9661-E695CD62AAAE}.Debug|Mixed Platforms.ActiveCfg = Debug|x64
		{3D0DE374-50B3-41CD-9661-E695CD62AAAE}.Debug|Mixed Platforms.Build.0 = Debug|x64
		{3D0DE374-50B3-41CD-9661-E695CD62AAAE}.Debug|Win32.ActiveCfg = Debug|x64
		{3D0DE374-50B3-41CD-9661-E695CD62AAAE}.Debug|x64.ActiveCfg = Debug|x64
		{3D0DE374-50B3-41CD-9661-E695CD62AAAE}.Debug|x64.Build.0 = Debug|x64
		{3D0DE374-50B3-41CD-9661-E695CD62AAAE}.Release|Mixed Platforms.ActiveCfg = Release|x64
		{3D0DE374-50B3-41CD-9661-E695CD62AAAE}.Release|Mixed Platforms.Build.0 = Release|x64
		{3D0DE374-50B3-41CD-9661-E695CD62AAAE}.Release|Win32.ActiveCfg = Release|x64
		{3D0DE374-50B3-41CD-9661-E695CD62AAAE}.Release|x64.ActiveCfg = Release|x64
		{3D0DE374-50B3-41CD-9661-E695CD62AAAE}.Release|x64.Build.0 = Release|x64
		{EE6ABA7B-1E2A-4A97-AAF0-B9F60333E2FA}.Debug|Mixed Platforms.ActiveCfg = Debug|x64
		{EE6ABA7B-1E2A-4A97-AAF0-B9F60333E2FA}.Debug|Mixed Platforms.Build.0 = Debug|x64
		{EE6ABA7B-1E2A-4A97-AAF0-B9F60333E2FA}.Debug|Win32.ActiveCfg = Debug|x64
		{EE6ABA7B-1E2A-4A97-AAF0-B9F60333E2FA}.Debug|x64.ActiveCfg = Debug|x64
		{EE6ABA7B-1E2A-4A97-AAF0-B9F60333E2FA}.Debug|x64.Build.0 = Debug|x64
		{EE6ABA7B-1E2A-4A97-AAF0-B9F60333E2FA}.Release|Mixed Platforms.ActiveCfg = Release|x64
		{EE6ABA7B-1E2A-4A97-AAF0-B9F60333E2FA}.Release|Mixed Platforms.Build.0 = Release|x64
		{EE6ABA7B-1E2A-4A97-AAF0-B9F60333E2FA}.Release|Win32.ActiveCfg = Release|x64
		{EE6ABA7B-1E2A-4A97-AAF0-B9F60333E2FA}.Release|x64.ActiveCfg = Release|x64
		{EE6ABA7B-1E2A-4A97-AAF0-B9F60333E2FA}.Release|x64.Build.0 = Release|x64
		{B7050B59-AB5E-440B-B854-D5A2BAD2EFC5}.Debug|Mixed Platforms.ActiveCfg = Debug|x64
		{B7050B59-AB5E-440B-B854-D5A2BAD2EFC5}.Debug|Mixed Platforms.Build.0 = Debug|x64
		{B7050B59-AB5E-440B-B854-D5A2BAD2EFC5}.Debug|Win32.ActiveCfg = Debug|x64
		{B7050B59-AB5E-440B-B854-D5A2BAD2EFC5}.Debug|x64.ActiveCfg = Debug|x64
		{B7050B59-AB5E-440B-B854-D5A2BAD2EFC5}.Debug|x64.Build.0 = Debug|x64
		{B7050B59-AB5E-440B-B854-D5A2BAD2EFC5}.Release|Mixed Platforms.ActiveCfg = Release|x64
		{B7050B59-AB5E-440B-B854-D5A2BAD2EFC5}.Release|Mixed Platforms.Build.0 = Release|x64
		{B7050B59-AB5E-440B-B854-D5A2BAD2EFC5}.Release|Win32.ActiveCfg = Release|x64
		{B7050B59-AB5E-440B-B854-D5A2BAD2EFC5}.Release|x64.ActiveCfg = Release|x64
		{B7050B59-AB5E-440B-B854-D5A2BAD2EFC5}.Release|x64.Build.0 = Release|x64
		{C1BC0848-A4C5-4B08-9F15-3E0DCDB7C8E9}.Debug|Mixed Platforms.ActiveCfg = Debug|x64
		{C1BC0848-A4C5-4B08-9F15-3E0DCDB7C8E9}.Debug|Mixed Platforms.Build.0 = Debug|x64
		{C1BC0848-A4C5-4B08-9F15-3E0DCDB7C8E9}.Debug|Win32.ActiveCfg = Debug|x64
		{C1BC0848-A4C5-4B08-9F15-3E0DCDB7C8E9}.Debug|x64.ActiveCfg = Debug|x64
		{C1BC0848-A4C5-4B08-9F15-3E0DCDB7C8E9}.Debug|x64.Build.0 = Debug|x64
		{C1BC0848-A4C5-4B08-9F15-3E0DCDB7C8E9}.Release|Mixed Platforms.ActiveCfg = Release|x64
		{C1BC0848-A4C5-4B08-9F15-3E0DCDB7C8E9}.Release|Mixed Platforms.Build.0 = Release|x64
		{C1BC0848-A4C5-4B08-9F15-3E0DCDB7C8E9}.Release|Win32.ActiveCfg = Release|x64
		{C1BC0848-A4C5-4B08-9F15-3E0DCDB7C8E9}.Release|x64.ActiveCfg = Release|x64
		{C1BC0848-A4C5-4B08-9F15-3E0DCDB7C8E9}.Release|x64.Build.0 = Release|x64
		{E02B1CE2-D351-47B1-B266-0A3B4DEED6BB}.Debug|Mixed Platforms.ActiveCfg = Debug|x64
		{E02B1CE2-D351-47B1-B266-0A3B4DEED6BB}.Debug|Mixed Platforms.Build.0 = Debug|x64
		{E02B1CE2-D351-47B1-B266-0A3B4DEED6BB}.Debug|Win32.ActiveCfg = Debug|x64
		{E02B1CE2-D351-47B1-B266-0A3B4DEED6BB}.Debug|x64.ActiveCfg = Debug|x64
		{E02B1CE2-D351-47B1-B266-0A3B4DEED6BB}.Debug|x64.Build.0 = Debug|x64
		{E02B1CE2-D351-47B1-B266-0A3B4DEED6BB}.Release|Mixed Platforms.ActiveCfg = Release|x64
		{E02B1CE2-D351-47B1-B266-0A3B4DEED6BB}.Release|Mixed Platforms.Build.0 = Release|x64
		{E02B1CE2-D351-47B1-B266-0A3B4DEED6BB}.Release|Win32.ActiveCfg = Release|x64
		{E02B1CE2-D351-47B1-B266-0A3B4DEED6BB}.Release|x64.ActiveCfg = Release|x64
		{E02B1CE2-D351-47B1-B266-0A3B4DEED6BB}.Release|x64.Build.0 = Release|x64
		{9BB6B184-6B15-4239-9073-E534BB63DD6E}.Debug|Mixed Platforms.ActiveCfg = Debug|x64
		{9BB6B184-6B15-4239-9073-E534BB63DD6E}.Debug|Mixed Platforms.Build.0 = Debug|x64
		{9BB6B184-6B15-4239-9073-E534BB63DD6E}.Debug|Win32.ActiveCfg = Debug|Win32
		{9BB6B184-6B15-4239-9073-E534BB63DD6E}.Debug|Win32.Build.0 = Debug|Win32
		{9BB6B184-6B15-4239-9073-E534BB63DD6E}.Debug|x64.ActiveCfg = Debug|x64
		{9BB6B184-6B15-4239-9073-E534BB63DD6E}.Debug|x64.Build.0 = Debug|x64
		{9BB6B184-6B15-4239-9073-E534BB63DD6E}.Release|Mixed Platforms.ActiveCfg = Release|x64
		{9BB6B184-6B15-4239-9073-E534BB63DD6E}.Release|Mixed Platforms.Build.0 = Release|x64
		{9BB6B184-6B15-4239-9073-E534BB63DD6E}.Release|Win32.ActiveCfg = Release|Win32
		{9BB6B184-6B15-4239-9073-E534BB63DD6E}.Release|Win32.Build.0 = Release|Win32
		{9BB6B184-6B15-4239-9073-E534BB63DD6E}.Release|x64.ActiveCfg = Release|x64
		{9BB6B184-6B15-4239-9073-E534BB63DD6E}.Release|x64.Build.0 = Release|x64
		{44EC0564-4BC3-4B64-823B-C227AB0F2818}.Debug|Mixed Platforms.ActiveCfg = Debug|x64
		{44EC0564-4BC3-4B64-823B-C227AB0F2818}.Debug|Mixed Platforms.Build.0 = Debug|x64
		{44EC0564-4BC3-4B64-823B-C227AB0F2818}.Debug|Win32.ActiveCfg = Debug|x64
		{44EC0564-4BC3-4B64-823B-C227AB0F2818}.Debug|x64.ActiveCfg = Debug|x64
		{44EC0564-4BC3-4B64-823B-C227AB0F2818}.Debug|x64.Build.0 = Debug|x64
		{44EC0564-4BC3-4B64-823B-C227AB0F2818}.Release|Mixed Platforms.ActiveCfg = Release|x64
		{44EC0564-4BC3-4B64-823B-C227AB0F2818}.Release|Mixed Platforms.Build.0 = Release|x64
		{44EC0564-4BC3-4B64-823B-C227AB0F2818}.Release|Win32.ActiveCfg = Release|x64
		{44EC0564-4BC3-4B64-823B-C227AB0F2818}.Release|x64.ActiveCfg = Release|x64
		{44EC0564-4BC3-4B64-823B-C227AB0F2818}.Release|x64.Build.0 = Release|x64
		{C4F1EF01-635D-4063-81EE-2157E2574066}.Debug|Mixed Platforms.ActiveCfg = Debug|x64
		{C4F1EF01-635D-4063-81EE-2157E2574066}.Debug|Mixed Platforms.Build.0 = Debug|x64
		{C4F1EF01-635D-4063-81EE-2157E2574066}.Debug|Win32.ActiveCfg = Debug|x64
		{C4F1EF01-635D-4063-81EE-2157E2574066}.Debug|x64.ActiveCfg = Debug|x64
		{C4F1EF01-635D-4063-81EE-2157E2574066}.Debug|x64.Build.0 = Debug|x64
		{C4F1EF01-635D-4063-81EE-2157E2574066}.Release|Mixed Platforms.ActiveCfg = Release|x64
		{C4F1EF01-635D-4063-81EE-2157E2574066}.Release|Mixed Platforms.Build.0 = Release|x64
		{C4F1EF01-635D-4063-81EE-2157E2574066}.Release|Win32.ActiveCfg = Release|x64
		{C4F1EF01-635D-4063-81EE-2157E2574066}.Release|x64.ActiveCfg = Release|x64
		{C4F1EF01-635D-4063-81EE-2157E2574066}.Release|x64.Build.0 = Release|x64
		{E922A7C4-0ADD-4279-9E70-725324EBF45D}.Debug|Mixed Platforms.ActiveCfg = Debug|x64
		{E922A7C4-0ADD-4279-9E70-725324EBF45D}.Debug|Mixed Platforms.Build.0 = Debug|x64
		{E922A7C4-0ADD-4279-9E70-725324EBF45D}.Debug|Win32.ActiveCfg = Debug|x64
		{E922A7C4-0ADD-4279-9E70-725324EBF45D}.Debug|x64.ActiveCfg = Debug|x64
		{E922A7C4-0ADD-4279-9E70-725324EBF45D}.Debug|x64.Build.0 = Debug|x64
		{E922A7C4-0ADD-4279-9E70-725324EBF45D}.Release|Mixed Platforms.ActiveCfg = Release|x64
		{E922A7C4-0ADD-4279-9E70-725324EBF45D}.Release|Mixed Platforms.Build.0 = Release|x64
		{E922A7C4-0ADD-4279-9E70-725324EBF45D}.Release|Win32.ActiveCfg = Release|x64
		{E922A7C4-0ADD-4279-9E70-725324EBF45D}.Release|x64.ActiveCfg = Release|x64
		{E922A7C4-0ADD-4279-9E70-725324EBF45D}.Release|x64.Build.0 = Release|x64
		{D87933D5-43DE-4223-BA8D-C6676BFE059F}.Debug|Mixed Platforms.ActiveCfg = Debug|x64
		{D87933D5-43DE-4223-BA8D-C6676BFE059F}.Debug|Mixed Platforms.Build.0 = Debug|x64
		{D87933D5-43DE-4223-BA8D-C6676BFE059F}.Debug|Win32.ActiveCfg = Debug|x64
		{D87933D5-43DE-4223-BA8D-C6676BFE059F}.Debug|x64.ActiveCfg = Debug|x64
		{D87933D5-43DE-4223-BA8D-C6676BFE059F}.Debug|x64.Build.0 = Debug|x64
		{D87933D5-43DE-4223-BA8D-C6676BFE059F}.Release|Mixed Platforms.ActiveCfg = Release|x64
		{D87933D5-43DE-4223-BA8D-C6676BFE059F}.Release|Mixed Platforms.Build.0 = Release|x64
		{D87933D5-43DE-4223-BA8D-C6676BFE059F}.Release|Win32.ActiveCfg = Release|x64
		{D87933D5-43DE-4223-BA8D-C6676BFE059F}.Release|x64.ActiveCfg = Release|x64
		{D87933D5-43DE-4223-BA8D-C6676BFE059F}.Release|x64.Build.0 = Release|x64
		{0288257A-8CB2-41F4-831A-C62197A1C767}.Debug|Mixed Platforms.ActiveCfg = Debug|x64
		{0288257A-8CB2-41F4-831A-C62197A1C767}.Debug|Mixed Platforms.Build.0 = Debug|x64
		{0288257A-8CB2-41F4-831A-C62197A1C767}.Debug|Win32.ActiveCfg = Debug|x64
		{0288257A-8CB2-41F4-831A-C62197A1C767}.Debug|x64.ActiveCfg = Debug|x64
		{0288257A-8CB2-41F4-831A-C62197A1C767}.Debug|x64.Build.0 = Debug|x64
		{0288257A-8CB2-41F4-831A-C62197A1C767}.Release|Mixed Platforms.ActiveCfg = Release|x64
		{0288257A-8CB2-41F4-831A-C62197A1C767}.Release|Mixed Platforms.Build.0 = Release|x64
		{0288257A-8CB2-41F4-831A-C62197A1C767}.Release|Win32.ActiveCfg = Release|x64
		{0288257A-8CB2-41F4-831A-C62197A1C767}.Release|x64.ActiveCfg = Release|x64
		{0288257A-8CB2-41F4-831A-C62197A1C767}.Release|x64.Build.0 = Release|x64
		{50B09989-E47F-4483-A7AA-03BF4DAF1521}.Debug|Mixed Platforms.ActiveCfg = Debug|x64
		{50B09989-E47F-4483-A7AA-03BF4DAF1521}.Debug|Mixed Platforms.Build.0 = Debug|x64
		{50B09989-E47F-4483-A7AA-03BF4DAF1521}.Debug|Win32.ActiveCfg = Debug|x64
		{50B09989-E47F-4483-A7AA-03BF4DAF1521}.Debug|x64.ActiveCfg = Debug|x64
		{50B09989-E47F-4483-A7AA-03BF4DAF1521}.Debug|x64.Build.0 = Debug|x64
		{50B09989-E47F-4483-A7AA-03BF4DAF1521}.Release|Mixed Platforms.ActiveCfg = Release|x64
		{50B09989-E47F-4483-A7AA-03BF4DAF1521}.Release|Mixed Platforms.Build.0 = Release|x64
		{50B09989-E47F-4483-A7AA-03BF4DAF1521}.Release|Win32.ActiveCfg = Release|x64
		{50B09989-E47F-4483-A7AA-03BF4DAF1521}.Release|x64.ActiveCfg = Release|x64
		{50B09989-E47F-4483-A7AA-03BF4DAF1521}.Release|x64.Build.0 = Release|x64
		{A67D9FB1-65CF-4691-B3F8-1B3F66DF3B49}.Debug|Mixed Platforms.ActiveCfg = Debug|x64
		{A67D9FB1-65CF-4691-B3F8-1B3F66DF3B49}.Debug|Mixed Platforms.Build.0 = Debug|x64
		{A67D9FB1-65CF-4691-B3F8-1B3F66DF3B49}.Debug|Win32.ActiveCfg = Debug|x64
		{A67D9FB1-65CF-4691-B3F8-1B3F66DF3B49}.Debug|x64.ActiveCfg = Debug|x64
		{A67D9FB1-65CF-4691-B3F8-1B3F66DF3B49}.Debug|x64.Build.0 = Debug|x64
		{A67D9FB1-65CF-4691-B3F8-1B3F66DF3B49}.Release|Mixed Platforms.ActiveCfg = Release|x64
		{A67D9FB1-65CF-4691-B3F8-1B3F66DF3B49}.Release|Mixed Platforms.Build.0 = Release|x64
		{A67D9FB1-65CF-4691-B3F8-1B3F66DF3B49}.Release|Win32.ActiveCfg = Release|x64
		{A67D9FB1-65CF-4691-B3F8-1B3F66DF3B49}.Release|x64.ActiveCfg = Release|x64
		{A67D9FB1-65CF-4691-B3F8-1B3F66DF3B49}.Release|x64.Build.0 = Release|x64
		{80F48DAB-3E73-40A7-9D2E-7184F5C69091}.Debug|Mixed Platforms.ActiveCfg = Debug|x64
		{80F48DAB-3E73-40A7-9D2E-7184F5C69091}.Debug|Mixed Platforms.Build.0 = Debug|x64
		{80F48DAB-3E73-40A7-9D2E-7184F5C69091}.Debug|Win32.ActiveCfg = Debug|x64
		{80F48DAB-3E73-40A7-9D2E-7184F5C69091}.Debug|x64.ActiveCfg = Debug|x64
		{80F48DAB-3E73-40A7-9D2E-7184F5C69091}.Debug|x64.Build.0 = Debug|x64
		{80F48DAB-3E73-40A7-9D2E-7184F5C69091}.Release|Mixed Platforms.ActiveCfg = Release|x64
		{80F48DAB-3E73-40A7-9D2E-7184F5C69091}.Release|Mixed Platforms.Build.0 = Release|x64
		{80F48DAB-3E73-40A7-9D2E-7184F5C69091}.Release|Win32.ActiveCfg = Release|x64
		{80F48DAB-3E73-40A7-9D2E-7184F5C69091}.Release|x64.ActiveCfg = Release|x64
		{80F48DAB-3E73-40A7-9D2E-7184F5C69091}.Release|x64.Build.0 = Release|x64
		{C88218E4-ACB6-45AA-BB8A-6B6BF410A0C3}.Debug|Mixed Platforms.ActiveCfg = Debug|x64
		{C88218E4-ACB6-45AA-BB8A-6B6BF410A0C3}.Debug|Mixed Platforms.Build.0 = Debug|x64
		{C88218E4-ACB6-45AA-BB8A-6B6BF410A0C3}.Debug|Win32.ActiveCfg = Debug|x64
		{C88218E4-ACB6-45AA-BB8A-6B6BF410A0C3}.Debug|x64.ActiveCfg = Debug|x64
		{C88218E4-ACB6-45AA-BB8A-6B6BF410A0C3}.Debug|x64.Build.0 = Debug|x64
		{C88218E4-ACB6-45AA-BB8A-6B6BF410A0C3}.Release|Mixed Platforms.ActiveCfg = Release|x64
		{C88218E4-ACB6-45AA-BB8A-6B6BF410A0C3}.Release|Mixed Platforms.Build.0 = Release|x64
		{C88218E4-ACB6-45AA-BB8A-6B6BF410A0C3}.Release|Win32.ActiveCfg = Release|x64
		{C88218E4-ACB6-45AA-BB8A-6B6BF410A0C3}.Release|x64.ActiveCfg = Release|x64
		{C88218E4-ACB6-45AA-BB8A-6B6BF410A0C3}.Release|x64.Build.0 = Release|x64
		{902BE5BC-6A2E-42B1-90FD-B820DE58E34D}.Debug|Mixed Platforms.ActiveCfg = Debug|x64
		{902BE5BC-6A2E-42B1-90FD-B820DE58E34D}.Debug|Mixed Platforms.Build.0 = Debug|x64
		{902BE5BC-6A2E-42B1-90FD-B820DE58E34D}.Debug|Win32.ActiveCfg = Debug|x64
		{902BE5BC-6A2E-42B1-90FD-B820DE58E34D}.Debug|x64.ActiveCfg = Debug|x64
		{902BE5BC-6A2E-42B1-90FD-B820DE58E34D}.Debug|x64.Build.0 = Debug|x64
		{902BE5BC-6A2E-42B1-90FD-B820DE58E34D}.Release|Mixed Platforms.ActiveCfg = Release|x64
		{902BE5BC-6A2E-42B1-90FD-B820DE58E34D}.Release|Mixed Platforms.Build.0 = Release|x64
		{902BE5BC-6A2E-42B1-90FD-B820DE58E34D}.Release|Win32.ActiveCfg = Release|x64
		{902BE5BC-6A2E-42B1-90FD-B820DE58E34D}.Release|x64.ActiveCfg = Release|x64
		{902BE5BC-6A2E-42B1-90FD-B820DE58E34D}.Release|x64.Build.0 = Release|x64
		{5CBAFB8B-EC7C-4810-8357-E7BE15F19130}.Debug|Mixed Platforms.ActiveCfg = Debug|x64
		{5CBAFB8B-EC7C-4810-8357-E7BE15F19130}.Debug|Mixed Platforms.Build.0 = Debug|x64
		{5CBAFB8B-EC7C-4810-8357-E7BE15F19130}.Debug|Win32.ActiveCfg = Debug|x64
		{5CBAFB8B-EC7C-4810-8357-E7BE15F19130}.Debug|x64.ActiveCfg = Debug|x64
		{5CBAFB8B-EC7C-4810-8357-E7BE15F19130}.Debug|x64.Build.0 = Debug|x64
		{5CBAFB8B-EC7C-4810-8357-E7BE15F19130}.Release|Mixed Platforms.ActiveCfg = Release|x64
		{5CBAFB8B-EC7C-4810-8357-E7BE15F19130}.Release|Mixed Platforms.Build.0 = Release|x64
		{5CBAFB8B-EC7C-4810-8357-E7BE15F19130}.Release|Win32.ActiveCfg = Release|x64
		{5CBAFB8B-EC7C-4810-8357-E7BE15F19130}.Release|x64.ActiveCfg = Release|x64
		{5CBAFB8B-EC7C-4810-8357-E7BE15F19130}.Release|x64.Build.0 = Release|x64
		{3934792B-F8BF-429B-B59F-F277F5333642}.Debug|Mixed Platforms.ActiveCfg = Debug|x64
		{3934792B-F8BF-429B-B59F-F277F5333642}.Debug|Mixed Platforms.Build.0 = Debug|x64
		{3934792B-F8BF-429B-B59F-F277F5333642}.Debug|Win32.ActiveCfg = Debug|x64
		{3934792B-F8BF-429B-B59F-F277F5333642}.Debug|x64.ActiveCfg = Debug|x64
		{3934792B-F8BF-429B-B59F-F277F5333642}.Debug|x64.Build.0 = Debug|x64
		{3934792B-F8BF-429B-B59F-F277F5333642}.Release|Mixed Platforms.ActiveCfg = Release|x64
		{3934792B-F8BF-429B-B59F-F277F5333642}.Release|Mixed Platforms.Build.0 = Release|x64
		{3934792B-F8BF-429B-B59F-F277F5333642}.Release|Win32.ActiveCfg = Release|x64
		{3934792B-F8BF-429B-B59F-F277F5333642}.Release|x64.ActiveCfg = Release|x64
		{3934792B-F8BF-429B-B59F-F277F5333642}.Release|x64.Build.0 = Release|x64
		{325E9360-EBDC-4FB7-B14F-7EBDBB2E6BF9}.Debug|Mixed Platforms.ActiveCfg = Debug|x64
		{325E9360-EBDC-4FB7-B14F-7EBDBB2E6BF9}.Debug|Mixed Platforms.Build.0 = Debug|x64
		{325E9360-EBDC-4FB7-B14F-7EBDBB2E6BF9}.Debug|Win32.ActiveCfg = Debug|x64
		{325E9360-EBDC-4FB7-B14F-7EBDBB2E6BF9}.Debug|x64.ActiveCfg = Debug|x64
		{325E9360-EBDC-4FB7-B14F-7EBDBB2E6BF9}.Debug|x64.Build.0 = Debug|x64
		{325E9360-EBDC-4FB7-B14F-7EBDBB2E6BF9}.Release|Mixed Platforms.ActiveCfg = Release|x64
		{325E9360-EBDC-4FB7-B14F-7EBDBB2E6BF9}.Release|Mixed Platforms.Build.0 = Release|x64
		{325E9360-EBDC-4FB7-B14F-7EBDBB2E6BF9}.Release|Win32.ActiveCfg = Release|x64
		{325E9360-EBDC-4FB7-B14F-7EBDBB2E6BF9}.Release|x64.ActiveCfg = Release|x64
		{325E9360-EBDC-4FB7-B14F-7EBDBB2E6BF9}.Release|x64.Build.0 = Release|x64
		{865B4B7B-AA51-4DFA-8AEF-7AD42C3C153C}.Debug|Mixed Platforms.ActiveCfg = Debug|x64
		{865B4B7B-AA51-4DFA-8AEF-7AD42C3C153C}.Debug|Mixed Platforms.Build.0 = Debug|x64
		{865B4B7B-AA51-4DFA-8AEF-7AD42C3C153C}.Debug|Win32.ActiveCfg = Debug|x64
		{865B4B7B-AA51-4DFA-8AEF-7AD42C3C153C}.Debug|x64.ActiveCfg = Debug|x64
		{865B4B7B-AA51-4DFA-8AEF-7AD42C3C153C}.Debug|x64.Build.0 = Debug|x64
		{865B4B7B-AA51-4DFA-8AEF-7AD42C3C153C}.Release|Mixed Platforms.ActiveCfg = Release|x64
		{865B4B7B-AA51-4DFA-8AEF-7AD42C3C153C}.Release|Mixed Platforms.Build.0 = Release|x64
		{865B4B7B-AA51-4DFA-8AEF-7AD42C3C153C}.Release|Win32.ActiveCfg = Release|x64
		{865B4B7B-AA51-4DFA-8AEF-7AD42C3C153C}.Release|x64.ActiveCfg = Release|x64
		{865B4B7B-AA51-4DFA-8AEF-7AD42C3C153C}.Release|x64.Build.0 = Release|x64
		{DFDD03EF-AD50-4C83-A5B9-F99F9F4B1D08}.Debug|Mixed Platforms.ActiveCfg = Debug|x64
		{DFDD03EF-AD50-4C83-A5B9-F99F9F4B1D08}.Debug|Mixed Platforms.Build.0 = Debug|x64
		{DFDD03EF-AD50-4C83-A5B9-F99F9F4B1D08}.Debug|Win32.ActiveCfg = Debug|x64
		{DFDD03EF-AD50-4C83-A5B9-F99F9F4B1D08}.Debug|x64.ActiveCfg = Debug|x64
		{DFDD03EF-AD50-4C83-A5B9-F99F9F4B1D08}.Debug|x64.Build.0 = Debug|x64
		{DFDD03EF-AD50-4C83-A5B9-F99F9F4B1D08}.Release|Mixed Platforms.ActiveCfg = Release|x64
		{DFDD03EF-AD50-4C83-A5B9-F99F9F4B1D08}.Release|Mixed Platforms.Build.0 = Release|x64
		{DFDD03EF-AD50-4C83-A5B9-F99F9F4B1D08}.Release|Win32.ActiveCfg = Release|x64
		{DFDD03EF-AD50-4C83-A5B9-F99F9F4B1D08}.Release|x64.ActiveCfg = Release|x64
		{DFDD03EF-AD50-4C83-A5B9-F99F9F4B1D08}.Release|x64.Build.0 = Release|x64
		{71FF4A27-4980-4326-AE26-20B3EE7F9575}.Debug|Mixed Platforms.ActiveCfg = Debug|x64
		{71FF4A27-4980-4326-AE26-20B3EE7F9575}.Debug|Mixed Platforms.Build.0 = Debug|x64
		{71FF4A27-4980-4326-AE26-20B3EE7F9575}.Debug|Win32.ActiveCfg = Debug|x64
		{71FF4A27-4980-4326-AE26-20B3EE7F9575}.Debug|x64.ActiveCfg = Debug|x64
		{71FF4A27-4980-4326-AE26-20B3EE7F9575}.Debug|x64.Build.0 = Debug|x64
		{71FF4A27-4980-4326-AE26-20B3EE7F9575}.Release|Mixed Platforms.ActiveCfg = Release|x64
		{71FF4A27-4980-4326-AE26-20B3EE7F9575}.Release|Mixed Platforms.Build.0 = Release|x64
		{71FF4A27-4980-4326-AE26-20B3EE7F9575}.Release|Win32.ActiveCfg = Release|x64
		{71FF4A27-4980-4326-AE26-20B3EE7F9575}.Release|x64.ActiveCfg = Release|x64
		{71FF4A27-4980-4326-AE26-20B3EE7F9575}.Release|x64.Build.0 = Release|x64
		{CB2A56FC-EFDA-41C5-A1E6-D66F727798EA}.Debug|Mixed Platforms.ActiveCfg = Debug|x64
		{CB2A56FC-EFDA-41C5-A1E6-D66F727798EA}.Debug|Mixed Platforms.Build.0 = Debug|x64
		{CB2A56FC-EFDA-41C5-A1E6-D66F727798EA}.Debug|Win32.ActiveCfg = Debug|x64
		{CB2A56FC-EFDA-41C5-A1E6-D66F727798EA}.Debug|x64.ActiveCfg = Debug|x64
		{CB2A56FC-EFDA-41C5-A1E6-D66F727798EA}.Debug|x64.Build.0 = Debug|x64
		{CB2A56FC-EFDA-41C5-A1E6-D66F727798EA}.Release|Mixed Platforms.ActiveCfg = Release|x64
		{CB2A56FC-EFDA-41C5-A1E6-D66F727798EA}.Release|Mixed Platforms.Build.0 = Release|x64
		{CB2A56FC-EFDA-41C5-A1E6-D66F727798EA}.Release|Win32.ActiveCfg = Release|x64
		{CB2A56FC-EFDA-41C5-A1E6-D66F727798EA}.Release|x64.ActiveCfg = Release|x64
		{CB2A56FC-EFDA-41C5-A1E6-D66F727798EA}.Release|x64.Build.0 = Release|x64
		{BCFFD4CC-7D9A-4607-A4FC-E96BABB9C9AA}.Debug|Mixed Platforms.ActiveCfg = Debug|x64
		{BCFFD4CC-7D9A-4607-A4FC-E96BABB9C9AA}.Debug|Mixed Platforms.Build.0 = Debug|x64
		{BCFFD4CC-7D9A-4607-A4FC-E96BABB9C9AA}.Debug|Win32.ActiveCfg = Debug|x64
		{BCFFD4CC-7D9A-4607-A4FC-E96BABB9C9AA}.Debug|x64.ActiveCfg = Debug|x64
		{BCFFD4CC-7D9A-4607-A4FC-E96BABB9C9AA}.Debug|x64.Build.0 = Debug|x64
		{BCFFD4CC-7D9A-4607-A4FC-E96BABB9C9AA}.Release|Mixed Platforms.ActiveCfg = Release|x64
		{BCFFD4CC-7D9A-4607-A4FC-E96BABB9C9AA}.Release|Mixed Platforms.Build.0 = Release|x64
		{BCFFD4CC-7D9A-4607-A4FC-E96BABB9C9AA}.Release|Win32.ActiveCfg = Release|x64
		{BCFFD4CC-7D9A-4607-A4FC-E96BABB9C9AA}.Release|x64.ActiveCfg = Release|x64
		{BCFFD4CC-7D9A-4607-A4FC-E96BABB9C9AA}.Release|x64.Build.0 = Release|x64
		{0077281F-0D7C-4AE7-805C-0E0ED35CC937}.Debug|Mixed Platforms.ActiveCfg = Debug|x64
		{0077281F-0D7C-4AE7-805C-0E0ED35CC937}.Debug|Mixed Platforms.Build.0 = Debug|x64
		{0077281F-0D7C-4AE7-805C-0E0ED35CC937}.Debug|Win32.ActiveCfg = Debug|x64
		{0077281F-0D7C-4AE7-805C-0E0ED35CC937}.Debug|x64.ActiveCfg = Debug|x64
		{0077281F-0D7C-4AE7-805C-0E0ED35CC937}.Debug|x64.Build.0 = Debug|x64
		{0077281F-0D7C-4AE7-805C-0E0ED35CC937}.Release|Mixed Platforms.ActiveCfg = Release|x64
		{0077281F-0D7C-4AE7-805C-0E0ED35CC937}.Release|Mixed Platforms.Build.0 = Release|x64
		{0077281F-0D7C-4AE7-805C-0E0ED35CC937}.Release|Win32.ActiveCfg = Release|x64
		{0077281F-0D7C-4AE7-805C-0E0ED35CC937}.Release|x64.ActiveCfg = Release|x64
		{0077281F-0D7C-4AE7-805C-0E0ED35CC937}.Release|x64.Build.0 = Release|x64
		{E046C332-5105-4106-AE39-EEEF329D12B8}.Debug|Mixed Platforms.ActiveCfg = Debug|x64
		{E046C332-5105-4106-AE39-EEEF329D12B8}.Debug|Mixed Platforms.Build.0 = Debug|x64
		{E046C332-5105-4106-AE39-EEEF329D12B8}.Debug|Win32.ActiveCfg = Debug|x64
		{E046C332-5105-4106-AE39-EEEF329D12B8}.Debug|x64.ActiveCfg = Debug|x64
		{E046C332-5105-4106-AE39-EEEF329D12B8}.Debug|x64.Build.0 = Debug|x64
		{E046C332-5105-4106-AE39-EEEF329D12B8}.Release|Mixed Platforms.ActiveCfg = Release|x64
		{E046C332-5105-4106-AE39-EEEF329D12B8}.Release|Mixed Platforms.Build.0 = Release|x64
		{E046C332-5105-4106-AE39-EEEF329D12B8}.Release|Win32.ActiveCfg = Release|x64
		{E046C332-5105-4106-AE39-EEEF329D12B8}.Release|x64.ActiveCfg = Release|x64
		{E046C332-5105-4106-AE39-EEEF329D12B8}.Release|x64.Build.0 = Release|x64
		{663A3CBA-737B-4A65-8F78-02A27DCE4CFD}.Debug|Mixed Platforms.ActiveCfg = Debug|x64
		{663A3CBA-737B-4A65-8F78-02A27DCE4CFD}.Debug|Mixed Platforms.Build.0 = Debug|x64
		{663A3CBA-737B-4A65-8F78-02A27DCE4CFD}.Debug|Win32.ActiveCfg = Debug|x64
		{663A3CBA-737B-4A65-8F78-02A27DCE4CFD}.Debug|x64.ActiveCfg = Debug|x64
		{663A3CBA-737B-4A65-8F78-02A27DCE4CFD}.Debug|x64.Build.0 = Debug|x64
		{663A3CBA-737B-4A65-8F78-02A27DCE4CFD}.Release|Mixed Platforms.ActiveCfg = Release|x64
		{663A3CBA-737B-4A65-8F78-02A27DCE4CFD}.Release|Mixed Platforms.Build.0 = Release|x64
		{663A3CBA-737B-4A65-8F78-02A27DCE4CFD}.Release|Win32.ActiveCfg = Release|x64
		{663A3CBA-737B-4A65-8F78-02A27DCE4CFD}.Release|x64.ActiveCfg = Release|x64
		{663A3CBA-737B-4A65-8F78-02A27DCE4CFD}.Release|x64.Build.0 = Release|x64
		{8547D549-5212-4CC7-8B22-7CD7BD902304}.Debug|Mixed Platforms.ActiveCfg = Debug|x64
		{8547D549-5212-4CC7-8B22-7CD7BD902304}.Debug|Mixed Platforms.Build.0 = Debug|x64
		{8547D549-5212-4CC7-8B22-7CD7BD902304}.Debug|Win32.ActiveCfg = Debug|x64
		{8547D549-5212-4CC7-8B22-7CD7BD902304}.Debug|x64.ActiveCfg = Debug|x64
		{8547D549-5212-4CC7-8B22-7CD7BD902304}.Debug|x64.Build.0 = Debug|x64
		{8547D549-5212-4CC7-8B22-7CD7BD902304}.Release|Mixed Platforms.ActiveCfg = Release|x64
		{8547D549-5212-4CC7-8B22-7CD7BD902304}.Release|Mixed Platforms.Build.0 = Release|x64
		{8547D549-5212-4CC7-8B22-7CD7BD902304}.Release|Win32.ActiveCfg = Release|x64
		{8547D549-5212-4CC7-8B22-7CD7BD902304}.Release|x64.ActiveCfg = Release|x64
		{8547D549-5212-4CC7-8B22-7CD7BD902304}.Release|x64.Build.0 = Release|x64
		{2D7B1451-9B03-41EF-8827-1610E52A41D6}.Debug|Mixed Platforms.ActiveCfg = Debug|x64
		{2D7B1451-9B03-41EF-8827-1610E52A41D6}.Debug|Mixed Platforms.Build.0 = Debug|x64
		{2D7B1451-9B03-41EF-8827-1610E52A41D6}.Debug|Win32.ActiveCfg = Debug|x64
		{2D7B1451-9B03-41EF-8827-1610E52A41D6}.Debug|x64.ActiveCfg = Debug|x64
		{2D7B1451-9B03-41EF-8827-1610E52A41D6}.Debug|x64.Build.0 = Debug|x64
		{2D7B1451-9B03-41EF-8827-1610E52A41D6}.Release|Mixed Platforms.ActiveCfg = Release|x64
		{2D7B1451-9B03-41EF-8827-1610E52A41D6}.Release|Mixed Platforms.Build.0 = Release|x64
		{2D7B1451-9B03-41EF-8827-1610E52A41D6}.Release|Win32.ActiveCfg = Release|x64
		{2D7B1451-9B03-41EF-8827-1610E52A41D6}.Release|x64.ActiveCfg = Release|x64
		{2D7B1451-9B03-41EF-8827-1610E52A41D6}.Release|x64.Build.0 = Release|x64
		{BA9BE53A-3499-47BC-9506-EDE453BCCECE}.Debug|Mixed Platforms.ActiveCfg = Debug|x64
		{BA9BE53A-3499-47BC-9506-EDE453BCCECE}.Debug|Mixed Platforms.Build.0 = Debug|x64
		{BA9BE53A-3499-47BC-9506-EDE453BCCECE}.Debug|Win32.ActiveCfg = Debug|x64
		{BA9BE53A-3499-47BC-9506-EDE453BCCECE}.Debug|x64.ActiveCfg = Debug|x64
		{BA9BE53A-3499-47BC-9506-EDE453BCCECE}.Debug|x64.Build.0 = Debug|x64
		{BA9BE53A-3499-47BC-9506-EDE453BCCECE}.Release|Mixed Platforms.ActiveCfg = Release|x64
		{BA9BE53A-3499-47BC-9506-EDE453BCCECE}.Release|Mixed Platforms.Build.0 = Release|x64
		{BA9BE53A-3499-47BC-9506-EDE453BCCECE}.Release|Win32.ActiveCfg = Release|x64
		{BA9BE53A-3499-47BC-9506-EDE453BCCECE}.Release|x64.ActiveCfg = Release|x64
		{BA9BE53A-3499-47BC-9506-EDE453BCCECE}.Release|x64.Build.0 = Release|x64
		{7ACA4051-D151-42F4-86C7-7D3FD31D0920}.Debug|Mixed Platforms.ActiveCfg = Debug|x64
		{7ACA4051-D151-42F4-86C7-7D3FD31D0920}.Debug|Mixed Platforms.Build.0 = Debug|x64
		{7ACA4051-D151-42F4-86C7-7D3FD31D0920}.Debug|Win32.ActiveCfg = Debug|x64
		{7ACA4051-D151-42F4-86C7-7D3FD31D0920}.Debug|x64.ActiveCfg = Debug|x64
		{7ACA4051-D151-42F4-86C7-7D3FD31D0920}.Debug|x64.Build.0 = Debug|x64
		{7ACA4051-D151-42F4-86C7-7D3FD31D0920}.Release|Mixed Platforms.ActiveCfg = Release|x64
		{7ACA4051-D151-42F4-86C7-7D3FD31D0920}.Release|Mixed Platforms.Build.0 = Release|x64
		{7ACA4051-D151-42F4-86C7-7D3FD31D0920}.Release|Win32.ActiveCfg = Release|x64
		{7ACA4051-D151-42F4-86C7-7D3FD31D0920}.Release|x64.ActiveCfg = Release|x64
		{7ACA4051-D151-42F4-86C7-7D3FD31D0920}.Release|x64.Build.0 = Release|x64
	EndGlobalSection
	GlobalSection(SolutionProperties) = preSolution
		HideSolutionNode = FALSE
	EndGlobalSection
	GlobalSection(NestedProjects) = preSolution
		{9BB6B184-6B15-4239-9073-E534BB63DD6E} = {BFB1B086-8416-4E41-A783-FAE17867F7B7}
		{44EC0564-4BC3-4B64-823B-C227AB0F2818} = {BFB1B086-8416-4E41-A783-FAE17867F7B7}
		{C4F1EF01-635D-4063-81EE-2157E2574066} = {BFB1B086-8416-4E41-A783-FAE17867F7B7}
		{E922A7C4-0ADD-4279-9E70-725324EBF45D} = {BFB1B086-8416-4E41-A783-FAE17867F7B7}
		{D87933D5-43DE-4223-BA8D-C6676BFE059F} = {BFB1B086-8416-4E41-A783-FAE17867F7B7}
		{0288257A-8CB2-41F4-831A-C62197A1C767} = {BFB1B086-8416-4E41-A783-FAE17867F7B7}
		{50B09989-E47F-4483-A7AA-03BF4DAF1521} = {BFB1B086-8416-4E41-A783-FAE17867F7B7}
		{A67D9FB1-65CF-4691-B3F8-1B3F66DF3B49} = {BFB1B086-8416-4E41-A783-FAE17867F7B7}
		{80F48DAB-3E73-40A7-9D2E-7184F5C69091} = {BFB1B086-8416-4E41-A783-FAE17867F7B7}
		{C88218E4-ACB6-45AA-BB8A-6B6BF410A0C3} = {BFB1B086-8416-4E41-A783-FAE17867F7B7}
		{902BE5BC-6A2E-42B1-90FD-B820DE58E34D} = {BFB1B086-8416-4E41-A783-FAE17867F7B7}
		{5CBAFB8B-EC7C-4810-8357-E7BE15F19130} = {BFB1B086-8416-4E41-A783-FAE17867F7B7}
		{3934792B-F8BF-429B-B59F-F277F5333642} = {BFB1B086-8416-4E41-A783-FAE17867F7B7}
		{325E9360-EBDC-4FB7-B14F-7EBDBB2E6BF9} = {BFB1B086-8416-4E41-A783-FAE17867F7B7}
		{865B4B7B-AA51-4DFA-8AEF-7AD42C3C153C} = {BFB1B086-8416-4E41-A783-FAE17867F7B7}
		{DFDD03EF-AD50-4C83-A5B9-F99F9F4B1D08} = {BFB1B086-8416-4E41-A783-FAE17867F7B7}
		{71FF4A27-4980-4326-AE26-20B3EE7F9575} = {BFB1B086-8416-4E41-A783-FAE17867F7B7}
		{8547D549-5212-4CC7-8B22-7CD7BD902304} = {BFB1B086-8416-4E41-A783-FAE17867F7B7}
		{CB2A56FC-EFDA-41C5-A1E6-D66F727798EA} = {BFB1B086-8416-4E41-A783-FAE17867F7B7}
		{BCFFD4CC-7D9A-4607-A4FC-E96BABB9C9AA} = {BFB1B086-8416-4E41-A783-FAE17867F7B7}
		{0077281F-0D7C-4AE7-805C-0E0ED35CC937} = {BFB1B086-8416-4E41-A783-FAE17867F7B7}
		{2D7B1451-9B03-41EF-8827-1610E52A41D6} = {BFB1B086-8416-4E41-A783-FAE17867F7B7}
		{E046C332-5105-4106-AE39-EEEF329D12B8} = {BFB1B086-8416-4E41-A783-FAE17867F7B7}
		{663A3CBA-737B-4A65-8F78-02A27DCE4CFD} = {BFB1B086-8416-4E41-A783-FAE17867F7B7}
		{BA9BE53A-3499-47BC-9506-EDE453BCCECE} = {BFB1B086-8416-4E41-A783-FAE17867F7B7}
	EndGlobalSection
EndGlobal
